Microsoft Visual Studio Solution File, Format Version 12.00
# Visual Studio Version 17
VisualStudioVersion = 17.13.35913.81
MinimumVisualStudioVersion = 10.0.40219.1
Project("{2150E333-8FDC-42A3-9474-1A3956D46DE8}") = "rabbitmq", "rabbitmq", "{02EA681E-C7D8-13C7-8484-4AC65E1B71E8}"
EndProject
Project("{FAE04EC0-301F-11D3-BF4B-00C04F79EFBC}") = "Producer.API", "rabbitmq\Producer.API\Producer.API.csproj", "{4BA5A3CA-5FA8-45F6-B0E3-71702C74C216}"
EndProject
Project("{FAE04EC0-301F-11D3-BF4B-00C04F79EFBC}") = "Model.Share", "rabbitmq\Model.Share\Model.Share.csproj", "{3D80091C-B861-46A5-A047-AA6517EAFC6A}"
EndProject
Project("{2150E333-8FDC-42A3-9474-1A3956D46DE8}") = "consumers", "consumers", "{161CF5C5-DDFE-4349-9046-F062BE306F23}"
EndProject
Project("{2150E333-8FDC-42A3-9474-1A3956D46DE8}") = "direct", "direct", "{E2961FF7-C958-40C7-B76E-E262A5D5730D}"
EndProject
Project("{2150E333-8FDC-42A3-9474-1A3956D46DE8}") = "fanout", "fanout", "{E3B49A7D-047A-42B8-886F-63D9A6C79CA4}"
EndProject
Project("{2150E333-8FDC-42A3-9474-1A3956D46DE8}") = "header", "header", "{150ED48C-097B-45B8-A28F-A956A62A8184}"
EndProject
Project("{2150E333-8FDC-42A3-9474-1A3956D46DE8}") = "topic", "topic", "{09D2330B-6A3B-4F99-A071-181D0BBEC377}"
EndProject
Project("{FAE04EC0-301F-11D3-BF4B-00C04F79EFBC}") = "Direct.Consumer1", "rabbitmq\Consumers\Direct.Consumer1\Direct.Consumer1.csproj", "{C862D435-EB87-4919-B09F-293776D83964}"
EndProject
Project("{FAE04EC0-301F-11D3-BF4B-00C04F79EFBC}") = "Direct.Consumer2", "rabbitmq\Consumers\Direct.Consumer2\Direct.Consumer2.csproj", "{0AFE344E-5DB8-484A-819B-F4F890C763A3}"
EndProject
Project("{FAE04EC0-301F-11D3-BF4B-00C04F79EFBC}") = "Fanout.Consumer1", "rabbitmq\Consumers\Fanout.Consumer1\Fanout.Consumer1.csproj", "{D681C9A1-4B0D-410C-B3B6-A67E24FAE823}"
EndProject
Project("{FAE04EC0-301F-11D3-BF4B-00C04F79EFBC}") = "Fanout.Consumer2", "rabbitmq\Consumers\Fanout.Consumer2\Fanout.Consumer2.csproj", "{02F485FD-8EDE-4559-ACBB-048D6615F005}"
EndProject
Project("{FAE04EC0-301F-11D3-BF4B-00C04F79EFBC}") = "Topic.Consumer1", "rabbitmq\Consumers\Topic.Consumer1\Topic.Consumer1.csproj", "{57871BA4-9571-4782-A70C-8FC6F86AF5A6}"
EndProject
Project("{FAE04EC0-301F-11D3-BF4B-00C04F79EFBC}") = "Topic.Consumer2", "rabbitmq\Consumers\Topic.Consumer2\Topic.Consumer2.csproj", "{C15790D4-01FF-439F-9F08-8F9244F42476}"
EndProject
Project("{FAE04EC0-301F-11D3-BF4B-00C04F79EFBC}") = "Direct.Consumer1.1", "rabbitmq\Consumers\Direct.Consumer1.1\Direct.Consumer1.1.csproj", "{ED3AD26E-EC08-4C45-8C73-31DCD1B86759}"
EndProject
Project("{2150E333-8FDC-42A3-9474-1A3956D46DE8}") = "rabbitmq-masstransit", "rabbitmq-masstransit", "{D23ED6B8-CF8C-400A-AD23-015DA6B3F655}"
EndProject
Project("{FAE04EC0-301F-11D3-BF4B-00C04F79EFBC}") = "Producer.API", "rabbitmq-masstransit\Producer.API\Producer.API.csproj", "{66C8B503-4C1B-4F7E-ABF8-04F6F762C505}"
EndProject
Project("{2150E333-8FDC-42A3-9474-1A3956D46DE8}") = "consumers", "consumers", "{7B0B7134-3481-4451-BA1E-26DCEEB69D27}"
EndProject
Project("{FAE04EC0-301F-11D3-BF4B-00C04F79EFBC}") = "EventConsumer", "rabbitmq-masstransit\consumers\Consumer1\EventConsumer.csproj", "{7F7E8BC7-6867-441E-A353-F5EB61BE956E}"
EndProject
Project("{FAE04EC0-301F-11D3-BF4B-00C04F79EFBC}") = "CommandConsumer", "rabbitmq-masstransit\consumers\CommandConsumer\CommandConsumer.csproj", "{88790931-585F-4CDB-A133-8D675FBEE369}"
EndProject
Project("{FAE04EC0-301F-11D3-BF4B-00C04F79EFBC}") = "Model.Share", "rabbitmq-masstransit\Model.Share\Model.Share.csproj", "{CEBB3221-96B8-9B7A-C7E8-555DE0AD7D93}"
EndProject
Project("{2150E333-8FDC-42A3-9474-1A3956D46DE8}") = "kafka", "kafka", "{FDB54349-8C77-4793-89E9-D199F5011104}"
EndProject
Project("{FAE04EC0-301F-11D3-BF4B-00C04F79EFBC}") = "Producer.API", "kafka\Producer.API\Producer.API.csproj", "{1FE4C2A6-3B44-490B-BF34-A10923E0AC3B}"
EndProject
Project("{2150E333-8FDC-42A3-9474-1A3956D46DE8}") = "consumers", "consumers", "{8DB83F34-528E-4869-B2F3-D7AD29119AC2}"
EndProject
Project("{FAE04EC0-301F-11D3-BF4B-00C04F79EFBC}") = "CommandConsumer", "kafka\consumers\CommandConsumer\CommandConsumer.csproj", "{DC622736-BDD7-4A68-A7BF-9BC57C9489CD}"
EndProject
Project("{FAE04EC0-301F-11D3-BF4B-00C04F79EFBC}") = "Model.Share", "kafka\Model.Share\Model.Share.csproj", "{B79D6154-3FED-4001-B061-99D559AE131E}"
EndProject
Project("{FAE04EC0-301F-11D3-BF4B-00C04F79EFBC}") = "SmsConsumer", "kafka\consumers\SmsConsumer\SmsConsumer.csproj", "{A097B926-066E-4A87-BE19-2A139BF265E0}"
EndProject
Project("{FAE04EC0-301F-11D3-BF4B-00C04F79EFBC}") = "EmailConsumer", "kafka\consumers\EmailConsumer\EmailConsumer.csproj", "{35526A3B-6F6F-4C44-959C-CD8F91B61219}"
EndProject
Project("{FAE04EC0-301F-11D3-BF4B-00C04F79EFBC}") = "Email2Consumer", "kafka\consumers\Emain2Consumer\Email2Consumer.csproj", "{ED2C832D-DA23-49DA-825C-7F9C6B667B80}"
EndProject
Global
	GlobalSection(SolutionConfigurationPlatforms) = preSolution
		Debug|Any CPU = Debug|Any CPU
		Release|Any CPU = Release|Any CPU
	EndGlobalSection
	GlobalSection(ProjectConfigurationPlatforms) = postSolution
		{4BA5A3CA-5FA8-45F6-B0E3-71702C74C216}.Debug|Any CPU.ActiveCfg = Debug|Any CPU
		{4BA5A3CA-5FA8-45F6-B0E3-71702C74C216}.Debug|Any CPU.Build.0 = Debug|Any CPU
		{4BA5A3CA-5FA8-45F6-B0E3-71702C74C216}.Release|Any CPU.ActiveCfg = Release|Any CPU
		{4BA5A3CA-5FA8-45F6-B0E3-71702C74C216}.Release|Any CPU.Build.0 = Release|Any CPU
		{3D80091C-B861-46A5-A047-AA6517EAFC6A}.Debug|Any CPU.ActiveCfg = Debug|Any CPU
		{3D80091C-B861-46A5-A047-AA6517EAFC6A}.Debug|Any CPU.Build.0 = Debug|Any CPU
		{3D80091C-B861-46A5-A047-AA6517EAFC6A}.Release|Any CPU.ActiveCfg = Release|Any CPU
		{3D80091C-B861-46A5-A047-AA6517EAFC6A}.Release|Any CPU.Build.0 = Release|Any CPU
		{C862D435-EB87-4919-B09F-293776D83964}.Debug|Any CPU.ActiveCfg = Debug|Any CPU
		{C862D435-EB87-4919-B09F-293776D83964}.Debug|Any CPU.Build.0 = Debug|Any CPU
		{C862D435-EB87-4919-B09F-293776D83964}.Release|Any CPU.ActiveCfg = Release|Any CPU
		{C862D435-EB87-4919-B09F-293776D83964}.Release|Any CPU.Build.0 = Release|Any CPU
		{0AFE344E-5DB8-484A-819B-F4F890C763A3}.Debug|Any CPU.ActiveCfg = Debug|Any CPU
		{0AFE344E-5DB8-484A-819B-F4F890C763A3}.Debug|Any CPU.Build.0 = Debug|Any CPU
		{0AFE344E-5DB8-484A-819B-F4F890C763A3}.Release|Any CPU.ActiveCfg = Release|Any CPU
		{0AFE344E-5DB8-484A-819B-F4F890C763A3}.Release|Any CPU.Build.0 = Release|Any CPU
		{D681C9A1-4B0D-410C-B3B6-A67E24FAE823}.Debug|Any CPU.ActiveCfg = Debug|Any CPU
		{D681C9A1-4B0D-410C-B3B6-A67E24FAE823}.Debug|Any CPU.Build.0 = Debug|Any CPU
		{D681C9A1-4B0D-410C-B3B6-A67E24FAE823}.Release|Any CPU.ActiveCfg = Release|Any CPU
		{D681C9A1-4B0D-410C-B3B6-A67E24FAE823}.Release|Any CPU.Build.0 = Release|Any CPU
		{02F485FD-8EDE-4559-ACBB-048D6615F005}.Debug|Any CPU.ActiveCfg = Debug|Any CPU
		{02F485FD-8EDE-4559-ACBB-048D6615F005}.Debug|Any CPU.Build.0 = Debug|Any CPU
		{02F485FD-8EDE-4559-ACBB-048D6615F005}.Release|Any CPU.ActiveCfg = Release|Any CPU
		{02F485FD-8EDE-4559-ACBB-048D6615F005}.Release|Any CPU.Build.0 = Release|Any CPU
		{57871BA4-9571-4782-A70C-8FC6F86AF5A6}.Debug|Any CPU.ActiveCfg = Debug|Any CPU
		{57871BA4-9571-4782-A70C-8FC6F86AF5A6}.Debug|Any CPU.Build.0 = Debug|Any CPU
		{57871BA4-9571-4782-A70C-8FC6F86AF5A6}.Release|Any CPU.ActiveCfg = Release|Any CPU
		{57871BA4-9571-4782-A70C-8FC6F86AF5A6}.Release|Any CPU.Build.0 = Release|Any CPU
		{C15790D4-01FF-439F-9F08-8F9244F42476}.Debug|Any CPU.ActiveCfg = Debug|Any CPU
		{C15790D4-01FF-439F-9F08-8F9244F42476}.Debug|Any CPU.Build.0 = Debug|Any CPU
		{C15790D4-01FF-439F-9F08-8F9244F42476}.Release|Any CPU.ActiveCfg = Release|Any CPU
		{C15790D4-01FF-439F-9F08-8F9244F42476}.Release|Any CPU.Build.0 = Release|Any CPU
		{ED3AD26E-EC08-4C45-8C73-31DCD1B86759}.Debug|Any CPU.ActiveCfg = Debug|Any CPU
		{ED3AD26E-EC08-4C45-8C73-31DCD1B86759}.Debug|Any CPU.Build.0 = Debug|Any CPU
		{ED3AD26E-EC08-4C45-8C73-31DCD1B86759}.Release|Any CPU.ActiveCfg = Release|Any CPU
		{ED3AD26E-EC08-4C45-8C73-31DCD1B86759}.Release|Any CPU.Build.0 = Release|Any CPU
		{66C8B503-4C1B-4F7E-ABF8-04F6F762C505}.Debug|Any CPU.ActiveCfg = Debug|Any CPU
		{66C8B503-4C1B-4F7E-ABF8-04F6F762C505}.Debug|Any CPU.Build.0 = Debug|Any CPU
		{66C8B503-4C1B-4F7E-ABF8-04F6F762C505}.Release|Any CPU.ActiveCfg = Release|Any CPU
		{66C8B503-4C1B-4F7E-ABF8-04F6F762C505}.Release|Any CPU.Build.0 = Release|Any CPU
		{7F7E8BC7-6867-441E-A353-F5EB61BE956E}.Debug|Any CPU.ActiveCfg = Debug|Any CPU
		{7F7E8BC7-6867-441E-A353-F5EB61BE956E}.Debug|Any CPU.Build.0 = Debug|Any CPU
		{7F7E8BC7-6867-441E-A353-F5EB61BE956E}.Release|Any CPU.ActiveCfg = Release|Any CPU
		{7F7E8BC7-6867-441E-A353-F5EB61BE956E}.Release|Any CPU.Build.0 = Release|Any CPU
		{88790931-585F-4CDB-A133-8D675FBEE369}.Debug|Any CPU.ActiveCfg = Debug|Any CPU
		{88790931-585F-4CDB-A133-8D675FBEE369}.Debug|Any CPU.Build.0 = Debug|Any CPU
		{88790931-585F-4CDB-A133-8D675FBEE369}.Release|Any CPU.ActiveCfg = Release|Any CPU
		{88790931-585F-4CDB-A133-8D675FBEE369}.Release|Any CPU.Build.0 = Release|Any CPU
		{CEBB3221-96B8-9B7A-C7E8-555DE0AD7D93}.Debug|Any CPU.ActiveCfg = Debug|Any CPU
		{CEBB3221-96B8-9B7A-C7E8-555DE0AD7D93}.Debug|Any CPU.Build.0 = Debug|Any CPU
		{CEBB3221-96B8-9B7A-C7E8-555DE0AD7D93}.Release|Any CPU.ActiveCfg = Release|Any CPU
		{CEBB3221-96B8-9B7A-C7E8-555DE0AD7D93}.Release|Any CPU.Build.0 = Release|Any CPU
		{1FE4C2A6-3B44-490B-BF34-A10923E0AC3B}.Debug|Any CPU.ActiveCfg = Debug|Any CPU
		{1FE4C2A6-3B44-490B-BF34-A10923E0AC3B}.Debug|Any CPU.Build.0 = Debug|Any CPU
		{1FE4C2A6-3B44-490B-BF34-A10923E0AC3B}.Release|Any CPU.ActiveCfg = Release|Any CPU
		{1FE4C2A6-3B44-490B-BF34-A10923E0AC3B}.Release|Any CPU.Build.0 = Release|Any CPU
		{DC622736-BDD7-4A68-A7BF-9BC57C9489CD}.Debug|Any CPU.ActiveCfg = Debug|Any CPU
		{DC622736-BDD7-4A68-A7BF-9BC57C9489CD}.Debug|Any CPU.Build.0 = Debug|Any CPU
		{DC622736-BDD7-4A68-A7BF-9BC57C9489CD}.Release|Any CPU.ActiveCfg = Release|Any CPU
		{DC622736-BDD7-4A68-A7BF-9BC57C9489CD}.Release|Any CPU.Build.0 = Release|Any CPU
		{B79D6154-3FED-4001-B061-99D559AE131E}.Debug|Any CPU.ActiveCfg = Debug|Any CPU
		{B79D6154-3FED-4001-B061-99D559AE131E}.Debug|Any CPU.Build.0 = Debug|Any CPU
		{B79D6154-3FED-4001-B061-99D559AE131E}.Release|Any CPU.ActiveCfg = Release|Any CPU
		{B79D6154-3FED-4001-B061-99D559AE131E}.Release|Any CPU.Build.0 = Release|Any CPU
		{A097B926-066E-4A87-BE19-2A139BF265E0}.Debug|Any CPU.ActiveCfg = Debug|Any CPU
		{A097B926-066E-4A87-BE19-2A139BF265E0}.Debug|Any CPU.Build.0 = Debug|Any CPU
		{A097B926-066E-4A87-BE19-2A139BF265E0}.Release|Any CPU.ActiveCfg = Release|Any CPU
		{A097B926-066E-4A87-BE19-2A139BF265E0}.Release|Any CPU.Build.0 = Release|Any CPU
		{35526A3B-6F6F-4C44-959C-CD8F91B61219}.Debug|Any CPU.ActiveCfg = Debug|Any CPU
		{35526A3B-6F6F-4C44-959C-CD8F91B61219}.Debug|Any CPU.Build.0 = Debug|Any CPU
		{35526A3B-6F6F-4C44-959C-CD8F91B61219}.Release|Any CPU.ActiveCfg = Release|Any CPU
		{35526A3B-6F6F-4C44-959C-CD8F91B61219}.Release|Any CPU.Build.0 = Release|Any CPU
		{ED2C832D-DA23-49DA-825C-7F9C6B667B80}.Debug|Any CPU.ActiveCfg = Debug|Any CPU
		{ED2C832D-DA23-49DA-825C-7F9C6B667B80}.Debug|Any CPU.Build.0 = Debug|Any CPU
		{ED2C832D-DA23-49DA-825C-7F9C6B667B80}.Release|Any CPU.ActiveCfg = Release|Any CPU
		{ED2C832D-DA23-49DA-825C-7F9C6B667B80}.Release|Any CPU.Build.0 = Release|Any CPU
	EndGlobalSection
	GlobalSection(SolutionProperties) = preSolution
		HideSolutionNode = FALSE
	EndGlobalSection
	GlobalSection(NestedProjects) = preSolution
		{4BA5A3CA-5FA8-45F6-B0E3-71702C74C216} = {02EA681E-C7D8-13C7-8484-4AC65E1B71E8}
		{3D80091C-B861-46A5-A047-AA6517EAFC6A} = {02EA681E-C7D8-13C7-8484-4AC65E1B71E8}
		{161CF5C5-DDFE-4349-9046-F062BE306F23} = {02EA681E-C7D8-13C7-8484-4AC65E1B71E8}
		{E2961FF7-C958-40C7-B76E-E262A5D5730D} = {161CF5C5-DDFE-4349-9046-F062BE306F23}
		{E3B49A7D-047A-42B8-886F-63D9A6C79CA4} = {161CF5C5-DDFE-4349-9046-F062BE306F23}
		{150ED48C-097B-45B8-A28F-A956A62A8184} = {161CF5C5-DDFE-4349-9046-F062BE306F23}
		{09D2330B-6A3B-4F99-A071-181D0BBEC377} = {161CF5C5-DDFE-4349-9046-F062BE306F23}
		{C862D435-EB87-4919-B09F-293776D83964} = {E2961FF7-C958-40C7-B76E-E262A5D5730D}
		{0AFE344E-5DB8-484A-819B-F4F890C763A3} = {E2961FF7-C958-40C7-B76E-E262A5D5730D}
		{D681C9A1-4B0D-410C-B3B6-A67E24FAE823} = {E3B49A7D-047A-42B8-886F-63D9A6C79CA4}
		{02F485FD-8EDE-4559-ACBB-048D6615F005} = {E3B49A7D-047A-42B8-886F-63D9A6C79CA4}
		{57871BA4-9571-4782-A70C-8FC6F86AF5A6} = {09D2330B-6A3B-4F99-A071-181D0BBEC377}
		{C15790D4-01FF-439F-9F08-8F9244F42476} = {09D2330B-6A3B-4F99-A071-181D0BBEC377}
		{ED3AD26E-EC08-4C45-8C73-31DCD1B86759} = {E2961FF7-C958-40C7-B76E-E262A5D5730D}
		{66C8B503-4C1B-4F7E-ABF8-04F6F762C505} = {D23ED6B8-CF8C-400A-AD23-015DA6B3F655}
		{7B0B7134-3481-4451-BA1E-26DCEEB69D27} = {D23ED6B8-CF8C-400A-AD23-015DA6B3F655}
		{7F7E8BC7-6867-441E-A353-F5EB61BE956E} = {7B0B7134-3481-4451-BA1E-26DCEEB69D27}
		{88790931-585F-4CDB-A133-8D675FBEE369} = {7B0B7134-3481-4451-BA1E-26DCEEB69D27}
		{CEBB3221-96B8-9B7A-C7E8-555DE0AD7D93} = {D23ED6B8-CF8C-400A-AD23-015DA6B3F655}
		{1FE4C2A6-3B44-490B-BF34-A10923E0AC3B} = {FDB54349-8C77-4793-89E9-D199F5011104}
		{8DB83F34-528E-4869-B2F3-D7AD29119AC2} = {FDB54349-8C77-4793-89E9-D199F5011104}
		{DC622736-BDD7-4A68-A7BF-9BC57C9489CD} = {8DB83F34-528E-4869-B2F3-D7AD29119AC2}
		{B79D6154-3FED-4001-B061-99D559AE131E} = {FDB54349-8C77-4793-89E9-D199F5011104}
		{A097B926-066E-4A87-BE19-2A139BF265E0} = {8DB83F34-528E-4869-B2F3-D7AD29119AC2}
		{35526A3B-6F6F-4C44-959C-CD8F91B61219} = {8DB83F34-528E-4869-B2F3-D7AD29119AC2}
		{ED2C832D-DA23-49DA-825C-7F9C6B667B80} = {8DB83F34-528E-4869-B2F3-D7AD29119AC2}
	EndGlobalSection
	GlobalSection(ExtensibilityGlobals) = postSolution
		SolutionGuid = {E00E40C5-01EE-4D7B-A8CB-6E322F6772E0}
	EndGlobalSection
EndGlobal
